{
  "nodes": {
    "nixos-hardware": {
      "locked": {
        "lastModified": 1724067415,
        "narHash": "sha256-WJBAEFXAtA41RMpK8mvw0cQ62CJkNMBtzcEeNIJV7b0=",
        "owner": "NixOS",
        "repo": "nixos-hardware",
        "rev": "b09c46430ffcf18d575acf5c339b38ac4e1db5d2",
        "type": "github"
      },
      "original": {
        "owner": "NixOS",
        "ref": "master",
        "repo": "nixos-hardware",
        "type": "github"
      }
    },
    "nixpkgs": {
      "locked": {
        "lastModified": 1724242322,
        "narHash": "sha256-HMpK7hNjhEk4z5SFg5UtxEio9OWFocHdaQzCfW1pE7w=",
        "owner": "NixOS",
        "repo": "nixpkgs",
        "rev": "224042e9a3039291f22f4f2ded12af95a616cca0",
        "type": "github"
      },
      "original": {
        "owner": "NixOS",
        "ref": "nixos-24.05",
        "repo": "nixpkgs",
        "type": "github"
      }
    },
    "root": {
      "inputs": {
        "nixos-hardware": "nixos-hardware",
        "nixpkgs": "nixpkgs"
      }
    }
  },
  "root": "root",
  "version": 7
}
